
Microsoft Visual Studio Solution File, Format Version 12.00
# Visual Studio Version 16
VisualStudioVersion = 16.6.30114.105
MinimumVisualStudioVersion = 10.0.40219.1
Project("{9A19103F-16F7-4668-BE54-9A1E7A4F7556}") = "AdventureWorks.Cosmos", "AdventureWorks.Cosmos\AdventureWorks.Cosmos.csproj", "{6E42462C-9250-4BE8-9C82-AD4901194EE9}"
EndProject
Project("{9A19103F-16F7-4668-BE54-9A1E7A4F7556}") = "AdventureWorks.SqlServer", "AdventureWorks.SqlServer\AdventureWorks.SqlServer.csproj", "{41FE2D9D-FF65-4D6F-A71A-142D3C4598DC}"
EndProject
Project("{9A19103F-16F7-4668-BE54-9A1E7A4F7556}") = "AdventureWorks.Logical", "AdventureWorks.Logical\AdventureWorks.Logical.csproj", "{2DF91BFF-1F69-4803-8E62-2D3B112C2D59}"
EndProject
Project("{9A19103F-16F7-4668-BE54-9A1E7A4F7556}") = "AdventureWorks.Logical.Tests", "AdventureWorks.Logical.Tests\AdventureWorks.Logical.Tests.csproj", "{260AAD69-94D7-4917-A0E6-0E9B617D59E0}"
EndProject
Project("{9A19103F-16F7-4668-BE54-9A1E7A4F7556}") = "AdventureWorks.Logical.Json", "AdventureWorks.Logical.Json\AdventureWorks.Logical.Json.csproj", "{515319E4-9116-4CBC-A61B-30B742554E3A}"
EndProject
Project("{9A19103F-16F7-4668-BE54-9A1E7A4F7556}") = "AdventureWorks.Logical.Json.Tests", "AdventureWorks.Logical.Json.Tests\AdventureWorks.Logical.Json.Tests.csproj", "{6A641188-7C63-4145-8D56-70449452A880}"
EndProject
Project("{9A19103F-16F7-4668-BE54-9A1E7A4F7556}") = "AdventureWorks.Cosmos.Tests", "AdventureWorks.Cosmos.Tests\AdventureWorks.Cosmos.Tests.csproj", "{5D4DE11E-E6F6-433D-8D27-9710D33C3880}"
EndProject
Project("{FAE04EC0-301F-11D3-BF4B-00C04F79EFBC}") = "AdventureWorks.FunctionApp", "AdventureWorks.FunctionApp\AdventureWorks.FunctionApp.csproj", "{917926D9-AE99-4B09-A621-2A8C2146B13C}"
EndProject
Global
	GlobalSection(SolutionConfigurationPlatforms) = preSolution
		Debug|Any CPU = Debug|Any CPU
		Debug|x64 = Debug|x64
		Debug|x86 = Debug|x86
		Release|Any CPU = Release|Any CPU
		Release|x64 = Release|x64
		Release|x86 = Release|x86
	EndGlobalSection
	GlobalSection(ProjectConfigurationPlatforms) = postSolution
		{6E42462C-9250-4BE8-9C82-AD4901194EE9}.Debug|Any CPU.ActiveCfg = Debug|Any CPU
		{6E42462C-9250-4BE8-9C82-AD4901194EE9}.Debug|Any CPU.Build.0 = Debug|Any CPU
		{6E42462C-9250-4BE8-9C82-AD4901194EE9}.Debug|x64.ActiveCfg = Debug|Any CPU
		{6E42462C-9250-4BE8-9C82-AD4901194EE9}.Debug|x64.Build.0 = Debug|Any CPU
		{6E42462C-9250-4BE8-9C82-AD4901194EE9}.Debug|x86.ActiveCfg = Debug|Any CPU
		{6E42462C-9250-4BE8-9C82-AD4901194EE9}.Debug|x86.Build.0 = Debug|Any CPU
		{6E42462C-9250-4BE8-9C82-AD4901194EE9}.Release|Any CPU.ActiveCfg = Release|Any CPU
		{6E42462C-9250-4BE8-9C82-AD4901194EE9}.Release|Any CPU.Build.0 = Release|Any CPU
		{6E42462C-9250-4BE8-9C82-AD4901194EE9}.Release|x64.ActiveCfg = Release|Any CPU
		{6E42462C-9250-4BE8-9C82-AD4901194EE9}.Release|x64.Build.0 = Release|Any CPU
		{6E42462C-9250-4BE8-9C82-AD4901194EE9}.Release|x86.ActiveCfg = Release|Any CPU
		{6E42462C-9250-4BE8-9C82-AD4901194EE9}.Release|x86.Build.0 = Release|Any CPU
		{41FE2D9D-FF65-4D6F-A71A-142D3C4598DC}.Debug|Any CPU.ActiveCfg = Debug|Any CPU
		{41FE2D9D-FF65-4D6F-A71A-142D3C4598DC}.Debug|Any CPU.Build.0 = Debug|Any CPU
		{41FE2D9D-FF65-4D6F-A71A-142D3C4598DC}.Debug|x64.ActiveCfg = Debug|Any CPU
		{41FE2D9D-FF65-4D6F-A71A-142D3C4598DC}.Debug|x64.Build.0 = Debug|Any CPU
		{41FE2D9D-FF65-4D6F-A71A-142D3C4598DC}.Debug|x86.ActiveCfg = Debug|Any CPU
		{41FE2D9D-FF65-4D6F-A71A-142D3C4598DC}.Debug|x86.Build.0 = Debug|Any CPU
		{41FE2D9D-FF65-4D6F-A71A-142D3C4598DC}.Release|Any CPU.ActiveCfg = Release|Any CPU
		{41FE2D9D-FF65-4D6F-A71A-142D3C4598DC}.Release|Any CPU.Build.0 = Release|Any CPU
		{41FE2D9D-FF65-4D6F-A71A-142D3C4598DC}.Release|x64.ActiveCfg = Release|Any CPU
		{41FE2D9D-FF65-4D6F-A71A-142D3C4598DC}.Release|x64.Build.0 = Release|Any CPU
		{41FE2D9D-FF65-4D6F-A71A-142D3C4598DC}.Release|x86.ActiveCfg = Release|Any CPU
		{41FE2D9D-FF65-4D6F-A71A-142D3C4598DC}.Release|x86.Build.0 = Release|Any CPU
		{2DF91BFF-1F69-4803-8E62-2D3B112C2D59}.Debug|Any CPU.ActiveCfg = Debug|Any CPU
		{2DF91BFF-1F69-4803-8E62-2D3B112C2D59}.Debug|Any CPU.Build.0 = Debug|Any CPU
		{2DF91BFF-1F69-4803-8E62-2D3B112C2D59}.Debug|x64.ActiveCfg = Debug|Any CPU
		{2DF91BFF-1F69-4803-8E62-2D3B112C2D59}.Debug|x64.Build.0 = Debug|Any CPU
		{2DF91BFF-1F69-4803-8E62-2D3B112C2D59}.Debug|x86.ActiveCfg = Debug|Any CPU
		{2DF91BFF-1F69-4803-8E62-2D3B112C2D59}.Debug|x86.Build.0 = Debug|Any CPU
		{2DF91BFF-1F69-4803-8E62-2D3B112C2D59}.Release|Any CPU.ActiveCfg = Release|Any CPU
		{2DF91BFF-1F69-4803-8E62-2D3B112C2D59}.Release|Any CPU.Build.0 = Release|Any CPU
		{2DF91BFF-1F69-4803-8E62-2D3B112C2D59}.Release|x64.ActiveCfg = Release|Any CPU
		{2DF91BFF-1F69-4803-8E62-2D3B112C2D59}.Release|x64.Build.0 = Release|Any CPU
		{2DF91BFF-1F69-4803-8E62-2D3B112C2D59}.Release|x86.ActiveCfg = Release|Any CPU
		{2DF91BFF-1F69-4803-8E62-2D3B112C2D59}.Release|x86.Build.0 = Release|Any CPU
		{260AAD69-94D7-4917-A0E6-0E9B617D59E0}.Debug|Any CPU.ActiveCfg = Debug|Any CPU
		{260AAD69-94D7-4917-A0E6-0E9B617D59E0}.Debug|Any CPU.Build.0 = Debug|Any CPU
		{260AAD69-94D7-4917-A0E6-0E9B617D59E0}.Debug|x64.ActiveCfg = Debug|Any CPU
		{260AAD69-94D7-4917-A0E6-0E9B617D59E0}.Debug|x64.Build.0 = Debug|Any CPU
		{260AAD69-94D7-4917-A0E6-0E9B617D59E0}.Debug|x86.ActiveCfg = Debug|Any CPU
		{260AAD69-94D7-4917-A0E6-0E9B617D59E0}.Debug|x86.Build.0 = Debug|Any CPU
		{260AAD69-94D7-4917-A0E6-0E9B617D59E0}.Release|Any CPU.ActiveCfg = Release|Any CPU
		{260AAD69-94D7-4917-A0E6-0E9B617D59E0}.Release|Any CPU.Build.0 = Release|Any CPU
		{260AAD69-94D7-4917-A0E6-0E9B617D59E0}.Release|x64.ActiveCfg = Release|Any CPU
		{260AAD69-94D7-4917-A0E6-0E9B617D59E0}.Release|x64.Build.0 = Release|Any CPU
		{260AAD69-94D7-4917-A0E6-0E9B617D59E0}.Release|x86.ActiveCfg = Release|Any CPU
		{260AAD69-94D7-4917-A0E6-0E9B617D59E0}.Release|x86.Build.0 = Release|Any CPU
		{515319E4-9116-4CBC-A61B-30B742554E3A}.Debug|Any CPU.ActiveCfg = Debug|Any CPU
		{515319E4-9116-4CBC-A61B-30B742554E3A}.Debug|Any CPU.Build.0 = Debug|Any CPU
		{515319E4-9116-4CBC-A61B-30B742554E3A}.Debug|x64.ActiveCfg = Debug|Any CPU
		{515319E4-9116-4CBC-A61B-30B742554E3A}.Debug|x64.Build.0 = Debug|Any CPU
		{515319E4-9116-4CBC-A61B-30B742554E3A}.Debug|x86.ActiveCfg = Debug|Any CPU
		{515319E4-9116-4CBC-A61B-30B742554E3A}.Debug|x86.Build.0 = Debug|Any CPU
		{515319E4-9116-4CBC-A61B-30B742554E3A}.Release|Any CPU.ActiveCfg = Release|Any CPU
		{515319E4-9116-4CBC-A61B-30B742554E3A}.Release|Any CPU.Build.0 = Release|Any CPU
		{515319E4-9116-4CBC-A61B-30B742554E3A}.Release|x64.ActiveCfg = Release|Any CPU
		{515319E4-9116-4CBC-A61B-30B742554E3A}.Release|x64.Build.0 = Release|Any CPU
		{515319E4-9116-4CBC-A61B-30B742554E3A}.Release|x86.ActiveCfg = Release|Any CPU
		{515319E4-9116-4CBC-A61B-30B742554E3A}.Release|x86.Build.0 = Release|Any CPU
		{6A641188-7C63-4145-8D56-70449452A880}.Debug|Any CPU.ActiveCfg = Debug|Any CPU
		{6A641188-7C63-4145-8D56-70449452A880}.Debug|Any CPU.Build.0 = Debug|Any CPU
		{6A641188-7C63-4145-8D56-70449452A880}.Debug|x64.ActiveCfg = Debug|Any CPU
		{6A641188-7C63-4145-8D56-70449452A880}.Debug|x64.Build.0 = Debug|Any CPU
		{6A641188-7C63-4145-8D56-70449452A880}.Debug|x86.ActiveCfg = Debug|Any CPU
		{6A641188-7C63-4145-8D56-70449452A880}.Debug|x86.Build.0 = Debug|Any CPU
		{6A641188-7C63-4145-8D56-70449452A880}.Release|Any CPU.ActiveCfg = Release|Any CPU
		{6A641188-7C63-4145-8D56-70449452A880}.Release|Any CPU.Build.0 = Release|Any CPU
		{6A641188-7C63-4145-8D56-70449452A880}.Release|x64.ActiveCfg = Release|Any CPU
		{6A641188-7C63-4145-8D56-70449452A880}.Release|x64.Build.0 = Release|Any CPU
		{6A641188-7C63-4145-8D56-70449452A880}.Release|x86.ActiveCfg = Release|Any CPU
		{6A641188-7C63-4145-8D56-70449452A880}.Release|x86.Build.0 = Release|Any CPU
		{5D4DE11E-E6F6-433D-8D27-9710D33C3880}.Debug|Any CPU.ActiveCfg = Debug|Any CPU
		{5D4DE11E-E6F6-433D-8D27-9710D33C3880}.Debug|Any CPU.Build.0 = Debug|Any CPU
		{5D4DE11E-E6F6-433D-8D27-9710D33C3880}.Debug|x64.ActiveCfg = Debug|Any CPU
		{5D4DE11E-E6F6-433D-8D27-9710D33C3880}.Debug|x64.Build.0 = Debug|Any CPU
		{5D4DE11E-E6F6-433D-8D27-9710D33C3880}.Debug|x86.ActiveCfg = Debug|Any CPU
		{5D4DE11E-E6F6-433D-8D27-9710D33C3880}.Debug|x86.Build.0 = Debug|Any CPU
		{5D4DE11E-E6F6-433D-8D27-9710D33C3880}.Release|Any CPU.ActiveCfg = Release|Any CPU
		{5D4DE11E-E6F6-433D-8D27-9710D33C3880}.Release|Any CPU.Build.0 = Release|Any CPU
		{5D4DE11E-E6F6-433D-8D27-9710D33C3880}.Release|x64.ActiveCfg = Release|Any CPU
		{5D4DE11E-E6F6-433D-8D27-9710D33C3880}.Release|x64.Build.0 = Release|Any CPU
		{5D4DE11E-E6F6-433D-8D27-9710D33C3880}.Release|x86.ActiveCfg = Release|Any CPU
		{5D4DE11E-E6F6-433D-8D27-9710D33C3880}.Release|x86.Build.0 = Release|Any CPU
		{917926D9-AE99-4B09-A621-2A8C2146B13C}.Debug|Any CPU.ActiveCfg = Debug|Any CPU
		{917926D9-AE99-4B09-A621-2A8C2146B13C}.Debug|Any CPU.Build.0 = Debug|Any CPU
		{917926D9-AE99-4B09-A621-2A8C2146B13C}.Debug|x64.ActiveCfg = Debug|Any CPU
		{917926D9-AE99-4B09-A621-2A8C2146B13C}.Debug|x64.Build.0 = Debug|Any CPU
		{917926D9-AE99-4B09-A621-2A8C2146B13C}.Debug|x86.ActiveCfg = Debug|Any CPU
		{917926D9-AE99-4B09-A621-2A8C2146B13C}.Debug|x86.Build.0 = Debug|Any CPU
		{917926D9-AE99-4B09-A621-2A8C2146B13C}.Release|Any CPU.ActiveCfg = Release|Any CPU
		{917926D9-AE99-4B09-A621-2A8C2146B13C}.Release|Any CPU.Build.0 = Release|Any CPU
		{917926D9-AE99-4B09-A621-2A8C2146B13C}.Release|x64.ActiveCfg = Release|Any CPU
		{917926D9-AE99-4B09-A621-2A8C2146B13C}.Release|x64.Build.0 = Release|Any CPU
		{917926D9-AE99-4B09-A621-2A8C2146B13C}.Release|x86.ActiveCfg = Release|Any CPU
		{917926D9-AE99-4B09-A621-2A8C2146B13C}.Release|x86.Build.0 = Release|Any CPU
	EndGlobalSection
	GlobalSection(SolutionProperties) = preSolution
		HideSolutionNode = FALSE
	EndGlobalSection
	GlobalSection(ExtensibilityGlobals) = postSolution
		SolutionGuid = {9D7C7518-8978-4E91-B54D-0AF79DB455B3}
	EndGlobalSection
EndGlobal
